
Microsoft Visual Studio Solution File, Format Version 12.00
# Visual Studio 15
VisualStudioVersion = 15.0.26730.12
MinimumVisualStudioVersion = 10.0.40219.1
Project("{FAE04EC0-301F-11D3-BF4B-00C04F79EFBC}") = "ThreadingBevolkerung", "ThreadingBevolkerung\ThreadingBevolkerung.csproj", "{7F404332-6B8D-49D6-B334-6F646A7B631A}"
EndProject
Global
	GlobalSection(SolutionConfigurationPlatforms) = preSolution
		Debug|Any CPU = Debug|Any CPU
		Release|Any CPU = Release|Any CPU
	EndGlobalSection
	GlobalSection(ProjectConfigurationPlatforms) = postSolution
		{7F404332-6B8D-49D6-B334-6F646A7B631A}.Debug|Any CPU.ActiveCfg = Debug|Any CPU
		{7F404332-6B8D-49D6-B334-6F646A7B631A}.Debug|Any CPU.Build.0 = Debug|Any CPU
		{7F404332-6B8D-49D6-B334-6F646A7B631A}.Release|Any CPU.ActiveCfg = Release|Any CPU
		{7F404332-6B8D-49D6-B334-6F646A7B631A}.Release|Any CPU.Build.0 = Release|Any CPU
	EndGlobalSection
	GlobalSection(SolutionProperties) = preSolution
		HideSolutionNode = FALSE
	EndGlobalSection
	GlobalSection(ExtensibilityGlobals) = postSolution
		SolutionGuid = {0D42F07C-8B5A-4658-875F-C9459BFAE93C}
	EndGlobalSection
EndGlobal
